
Microsoft Visual Studio Solution File, Format Version 12.00
# Visual Studio Version 17
VisualStudioVersion = 17.12.35527.113
MinimumVisualStudioVersion = 10.0.40219.1
Project("{FAE04EC0-301F-11D3-BF4B-00C04F79EFBC}") = "Exercicios_POO", "Exercicios_POO\Exercicios_POO.csproj", "{E7DFA86F-54E7-46B9-B7DB-2BB66B95C9D7}"
EndProject
Project("{FAE04EC0-301F-11D3-BF4B-00C04F79EFBC}") = "TestesDeposito", "TestesDeposito\TestesDeposito.csproj", "{33579EEC-3CBA-4658-935F-AD7BDE9FA59B}"
EndProject
Project("{FAE04EC0-301F-11D3-BF4B-00C04F79EFBC}") = "Teste_AlunoMedia", "Teste_AlunoMedia\Teste_AlunoMedia.csproj", "{C02DC348-30C8-443E-A555-DE31EC716766}"
EndProject
Project("{FAE04EC0-301F-11D3-BF4B-00C04F79EFBC}") = "TesteSalarioFuncionario", "TesteSalarioFuncionario\TesteSalarioFuncionario.csproj", "{9F8158C3-5A13-47F2-916E-9CF8277DD063}"
EndProject
Project("{FAE04EC0-301F-11D3-BF4B-00C04F79EFBC}") = "TesteEstoque", "TesteEstoque\TesteEstoque.csproj", "{EE4496C0-2C5E-4441-A0BF-082CCBC03586}"
EndProject
Project("{FAE04EC0-301F-11D3-BF4B-00C04F79EFBC}") = "TesteCarro", "TesteCarro\TesteCarro.csproj", "{976004D6-9385-4EE0-877A-C0B5EBA9E0BD}"
EndProject
Global
	GlobalSection(SolutionConfigurationPlatforms) = preSolution
		Debug|Any CPU = Debug|Any CPU
		Release|Any CPU = Release|Any CPU
	EndGlobalSection
	GlobalSection(ProjectConfigurationPlatforms) = postSolution
		{E7DFA86F-54E7-46B9-B7DB-2BB66B95C9D7}.Debug|Any CPU.ActiveCfg = Debug|Any CPU
		{E7DFA86F-54E7-46B9-B7DB-2BB66B95C9D7}.Debug|Any CPU.Build.0 = Debug|Any CPU
		{E7DFA86F-54E7-46B9-B7DB-2BB66B95C9D7}.Release|Any CPU.ActiveCfg = Release|Any CPU
		{E7DFA86F-54E7-46B9-B7DB-2BB66B95C9D7}.Release|Any CPU.Build.0 = Release|Any CPU
		{33579EEC-3CBA-4658-935F-AD7BDE9FA59B}.Debug|Any CPU.ActiveCfg = Debug|Any CPU
		{33579EEC-3CBA-4658-935F-AD7BDE9FA59B}.Debug|Any CPU.Build.0 = Debug|Any CPU
		{33579EEC-3CBA-4658-935F-AD7BDE9FA59B}.Release|Any CPU.ActiveCfg = Release|Any CPU
		{33579EEC-3CBA-4658-935F-AD7BDE9FA59B}.Release|Any CPU.Build.0 = Release|Any CPU
		{C02DC348-30C8-443E-A555-DE31EC716766}.Debug|Any CPU.ActiveCfg = Debug|Any CPU
		{C02DC348-30C8-443E-A555-DE31EC716766}.Debug|Any CPU.Build.0 = Debug|Any CPU
		{C02DC348-30C8-443E-A555-DE31EC716766}.Release|Any CPU.ActiveCfg = Release|Any CPU
		{C02DC348-30C8-443E-A555-DE31EC716766}.Release|Any CPU.Build.0 = Release|Any CPU
		{9F8158C3-5A13-47F2-916E-9CF8277DD063}.Debug|Any CPU.ActiveCfg = Debug|Any CPU
		{9F8158C3-5A13-47F2-916E-9CF8277DD063}.Debug|Any CPU.Build.0 = Debug|Any CPU
		{9F8158C3-5A13-47F2-916E-9CF8277DD063}.Release|Any CPU.ActiveCfg = Release|Any CPU
		{9F8158C3-5A13-47F2-916E-9CF8277DD063}.Release|Any CPU.Build.0 = Release|Any CPU
		{EE4496C0-2C5E-4441-A0BF-082CCBC03586}.Debug|Any CPU.ActiveCfg = Debug|Any CPU
		{EE4496C0-2C5E-4441-A0BF-082CCBC03586}.Debug|Any CPU.Build.0 = Debug|Any CPU
		{EE4496C0-2C5E-4441-A0BF-082CCBC03586}.Release|Any CPU.ActiveCfg = Release|Any CPU
		{EE4496C0-2C5E-4441-A0BF-082CCBC03586}.Release|Any CPU.Build.0 = Release|Any CPU
		{976004D6-9385-4EE0-877A-C0B5EBA9E0BD}.Debug|Any CPU.ActiveCfg = Debug|Any CPU
		{976004D6-9385-4EE0-877A-C0B5EBA9E0BD}.Debug|Any CPU.Build.0 = Debug|Any CPU
		{976004D6-9385-4EE0-877A-C0B5EBA9E0BD}.Release|Any CPU.ActiveCfg = Release|Any CPU
		{976004D6-9385-4EE0-877A-C0B5EBA9E0BD}.Release|Any CPU.Build.0 = Release|Any CPU
	EndGlobalSection
	GlobalSection(SolutionProperties) = preSolution
		HideSolutionNode = FALSE
	EndGlobalSection
EndGlobal
